
Microsoft Visual Studio Solution File, Format Version 12.00
# Visual Studio Version 17
VisualStudioVersion = 17.9.34728.123
MinimumVisualStudioVersion = 10.0.40219.1
Project("{9A19103F-16F7-4668-BE54-9A1E7A4F7556}") = "SpolemMusic.Server", "SpolemMusic\SpolemMusic.Server.csproj", "{074A3C6F-99BB-45F2-B705-F50F5C65F2F2}"
EndProject
Project("{9A19103F-16F7-4668-BE54-9A1E7A4F7556}") = "SpolemMusic.Data", "SpolemMusic.Data\SpolemMusic.Data.csproj", "{6FAC0FA3-DF3E-470D-8E30-2DC68095A28C}"
EndProject
Project("{FAE04EC0-301F-11D3-BF4B-00C04F79EFBC}") = "SpolemMusic.Auth", "SpolemMusic.Auth\SpolemMusic.Auth.csproj", "{228E9A47-6E03-453C-9643-6A8ECC9328D7}"
EndProject
Global
	GlobalSection(SolutionConfigurationPlatforms) = preSolution
		Debug|Any CPU = Debug|Any CPU
		Release|Any CPU = Release|Any CPU
	EndGlobalSection
	GlobalSection(ProjectConfigurationPlatforms) = postSolution
		{074A3C6F-99BB-45F2-B705-F50F5C65F2F2}.Debug|Any CPU.ActiveCfg = Debug|Any CPU
		{074A3C6F-99BB-45F2-B705-F50F5C65F2F2}.Debug|Any CPU.Build.0 = Debug|Any CPU
		{074A3C6F-99BB-45F2-B705-F50F5C65F2F2}.Release|Any CPU.ActiveCfg = Release|Any CPU
		{074A3C6F-99BB-45F2-B705-F50F5C65F2F2}.Release|Any CPU.Build.0 = Release|Any CPU
		{6FAC0FA3-DF3E-470D-8E30-2DC68095A28C}.Debug|Any CPU.ActiveCfg = Debug|Any CPU
		{6FAC0FA3-DF3E-470D-8E30-2DC68095A28C}.Debug|Any CPU.Build.0 = Debug|Any CPU
		{6FAC0FA3-DF3E-470D-8E30-2DC68095A28C}.Release|Any CPU.ActiveCfg = Release|Any CPU
		{6FAC0FA3-DF3E-470D-8E30-2DC68095A28C}.Release|Any CPU.Build.0 = Release|Any CPU
		{228E9A47-6E03-453C-9643-6A8ECC9328D7}.Debug|Any CPU.ActiveCfg = Debug|Any CPU
		{228E9A47-6E03-453C-9643-6A8ECC9328D7}.Debug|Any CPU.Build.0 = Debug|Any CPU
		{228E9A47-6E03-453C-9643-6A8ECC9328D7}.Release|Any CPU.ActiveCfg = Release|Any CPU
		{228E9A47-6E03-453C-9643-6A8ECC9328D7}.Release|Any CPU.Build.0 = Release|Any CPU
	EndGlobalSection
	GlobalSection(SolutionProperties) = preSolution
		HideSolutionNode = FALSE
	EndGlobalSection
	GlobalSection(ExtensibilityGlobals) = postSolution
		SolutionGuid = {27AD3DE0-39ED-48C6-A41A-086D971AA11D}
	EndGlobalSection
EndGlobal
